
Microsoft Visual Studio Solution File, Format Version 12.00
# Visual Studio Version 17
VisualStudioVersion = 17.2.32519.379
MinimumVisualStudioVersion = 10.0.40219.1
Project("{FAE04EC0-301F-11D3-BF4B-00C04F79EFBC}") = "Array", "Array\Array.csproj", "{B1A6BDEA-3B26-4744-B0A6-0342B08E1FB2}"
EndProject
Global
	GlobalSection(SolutionConfigurationPlatforms) = preSolution
		Debug|Any CPU = Debug|Any CPU
		Release|Any CPU = Release|Any CPU
	EndGlobalSection
	GlobalSection(ProjectConfigurationPlatforms) = postSolution
		{B1A6BDEA-3B26-4744-B0A6-0342B08E1FB2}.Debug|Any CPU.ActiveCfg = Debug|Any CPU
		{B1A6BDEA-3B26-4744-B0A6-0342B08E1FB2}.Debug|Any CPU.Build.0 = Debug|Any CPU
		{B1A6BDEA-3B26-4744-B0A6-0342B08E1FB2}.Release|Any CPU.ActiveCfg = Release|Any CPU
		{B1A6BDEA-3B26-4744-B0A6-0342B08E1FB2}.Release|Any CPU.Build.0 = Release|Any CPU
	EndGlobalSection
	GlobalSection(SolutionProperties) = preSolution
		HideSolutionNode = FALSE
	EndGlobalSection
	GlobalSection(ExtensibilityGlobals) = postSolution
		SolutionGuid = {6B452CFE-F77B-4A99-BC9F-21045B5E57C0}
	EndGlobalSection
EndGlobal
